PODS:
  - ActionPickerUtils (1.0.2):
    - ActionSheetPicker-3.0
  - ActionSheetPicker-3.0 (2.2.0)
  - FBSnapshotTestCase (2.1.4):
    - FBSnapshotTestCase/SwiftSupport (= 2.1.4)
  - FBSnapshotTestCase/Core (2.1.4)
  - FBSnapshotTestCase/SwiftSupport (2.1.4):
    - FBSnapshotTestCase/Core
  - Nimble (7.0.1)
  - Nimble-Snapshots (6.2.1):
    - Nimble-Snapshots/Core (= 6.2.1)
  - Nimble-Snapshots/Core (6.2.1):
    - FBSnapshotTestCase (~> 2.0)
    - Nimble (~> 7.0)
  - Quick (1.1.0)

DEPENDENCIES:
  - ActionPickerUtils (from `../`)
  - FBSnapshotTestCase
  - Nimble
  - Nimble-Snapshots
  - Quick

EXTERNAL SOURCES:
  ActionPickerUtils:
    :path: ../

SPEC CHECKSUMS:
  ActionPickerUtils: 2b1405be9e9eb8eabfaa8afd70afa08ad73dcb49
  ActionSheetPicker-3.0: d11a4c12c6aaf704b8a3f56d179198c99f3e41e6
  FBSnapshotTestCase: 094f9f314decbabe373b87cc339bea235a63e07a
  Nimble: 657d000e11df8aebe27cdaf9d244de7f30ed87f7
  Nimble-Snapshots: 31c8ef7fcebf0e68b4dff83f6e2160813a4a116b
  Quick: dafc587e21eed9f4cab3249b9f9015b0b7a7f71d

PODFILE CHECKSUM: ff64982aa71c9a08f2966be503bb9a0c21a2909b

COCOAPODS: 1.3.1
